
Microsoft Visual Studio Solution File, Format Version 12.00
# Visual Studio Version 16
VisualStudioVersion = 16.0.29519.87
MinimumVisualStudioVersion = 10.0.40219.1
Project("{FAE04EC0-301F-11D3-BF4B-00C04F79EFBC}") = "CadastroNacional.Test", "CadastroNacional.Test\CadastroNacional.Test.csproj", "{9B085454-CC40-4DE1-B9A7-1C37C5B6D550}"
EndProject
Project("{FAE04EC0-301F-11D3-BF4B-00C04F79EFBC}") = "CadastroNacional", "CadastroNacional\CadastroNacional.csproj", "{AC4A4E48-D626-4293-91F6-A9D69589AD4D}"
EndProject
Global
	GlobalSection(SolutionConfigurationPlatforms) = preSolution
		Debug|Any CPU = Debug|Any CPU
		Release|Any CPU = Release|Any CPU
	EndGlobalSection
	GlobalSection(ProjectConfigurationPlatforms) = postSolution
		{9B085454-CC40-4DE1-B9A7-1C37C5B6D550}.Debug|Any CPU.ActiveCfg = Debug|Any CPU
		{9B085454-CC40-4DE1-B9A7-1C37C5B6D550}.Debug|Any CPU.Build.0 = Debug|Any CPU
		{9B085454-CC40-4DE1-B9A7-1C37C5B6D550}.Release|Any CPU.ActiveCfg = Release|Any CPU
		{9B085454-CC40-4DE1-B9A7-1C37C5B6D550}.Release|Any CPU.Build.0 = Release|Any CPU
		{AC4A4E48-D626-4293-91F6-A9D69589AD4D}.Debug|Any CPU.ActiveCfg = Debug|Any CPU
		{AC4A4E48-D626-4293-91F6-A9D69589AD4D}.Debug|Any CPU.Build.0 = Debug|Any CPU
		{AC4A4E48-D626-4293-91F6-A9D69589AD4D}.Release|Any CPU.ActiveCfg = Release|Any CPU
		{AC4A4E48-D626-4293-91F6-A9D69589AD4D}.Release|Any CPU.Build.0 = Release|Any CPU
	EndGlobalSection
	GlobalSection(SolutionProperties) = preSolution
		HideSolutionNode = FALSE
	EndGlobalSection
	GlobalSection(ExtensibilityGlobals) = postSolution
		SolutionGuid = {794B4007-D860-46DD-8042-60E56BE6222C}
	EndGlobalSection
EndGlobal
